// !$*UTF8*$!
{
	archiveVersion = 1;
	classes = {
	};
	objectVersion = 50;
	objects = {

/* Begin PBXBuildFile section */
		C46C27262259B04E004ED1F3 /* AppDelegate.swift in Sources */ = {isa = PBXBuildFile; fileRef = C46C27252259B04E004ED1F3 /* AppDelegate.swift */; };
		C46C27282259B04E004ED1F3 /* ViewController.swift in Sources */ = {isa = PBXBuildFile; fileRef = C46C27272259B04E004ED1F3 /* ViewController.swift */; };
		C46C272B2259B04E004ED1F3 /* Main.storyboard in Resources */ = {isa = PBXBuildFile; fileRef = C46C27292259B04E004ED1F3 /* Main.storyboard */; };
		C46C272D2259B04F004ED1F3 /* Assets.xcassets in Resources */ = {isa = PBXBuildFile; fileRef = C46C272C2259B04F004ED1F3 /* Assets.xcassets */; };
		C46C27302259B04F004ED1F3 /* LaunchScreen.storyboard in Resources */ = {isa = PBXBuildFile; fileRef = C46C272E2259B04F004ED1F3 /* LaunchScreen.storyboard */; };
		C46C273B2259B04F004ED1F3 /* FB_projectTests.swift in Sources */ = {isa = PBXBuildFile; fileRef = C46C273A2259B04F004ED1F3 /* FB_projectTests.swift */; };
		C46C27462259B04F004ED1F3 /* FB_projectUITests.swift in Sources */ = {isa = PBXBuildFile; fileRef = C46C27452259B04F004ED1F3 /* FB_projectUITests.swift */; };
		C46C27542259B2D5004ED1F3 /* birthday-basic in Resources */ = {isa = PBXBuildFile; fileRef = C46C27532259B2D5004ED1F3 /* birthday-basic */; };
/* End PBXBuildFile section */

/* Begin PBXContainerItemProxy section */
		C46C27372259B04F004ED1F3 /* PBXContainerItemProxy */ = {
			isa = PBXContainerItemProxy;
			containerPortal = C46C271A2259B04E004ED1F3 /* Project object */;
			proxyType = 1;
			remoteGlobalIDString = C46C27212259B04E004ED1F3;
			remoteInfo = FB_project;
		};
		C46C27422259B04F004ED1F3 /* PBXContainerItemProxy */ = {
			isa = PBXContainerItemProxy;
			containerPortal = C46C271A2259B04E004ED1F3 /* Project object */;
			proxyType = 1;
			remoteGlobalIDString = C46C27212259B04E004ED1F3;
			remoteInfo = FB_project;
		};
/* End PBXContainerItemProxy section */

/* Begin PBXFileReference section */
		C46C27222259B04E004ED1F3 /* FB_project.app */ = {isa = PBXFileReference; explicitFileType = wrapper.application; includeInIndex = 0; path = FB_project.app; sourceTree = BUILT_PRODUCTS_DIR; };
		C46C27252259B04E004ED1F3 /* AppDelegate.swift */ = {isa = PBXFileReference; lastKnownFileType = sourcecode.swift; path = AppDelegate.swift; sourceTree = "<group>"; };
		C46C27272259B04E004ED1F3 /* ViewController.swift */ = {isa = PBXFileReference; lastKnownFileType = sourcecode.swift; path = ViewController.swift; sourceTree = "<group>"; };
		C46C272A2259B04E004ED1F3 /* Base */ = {isa = PBXFileReference; lastKnownFileType = file.storyboard; name = Base; path = Base.lproj/Main.storyboard; sourceTree = "<group>"; };
		C46C272C2259B04F004ED1F3 /* Assets.xcassets */ = {isa = PBXFileReference; lastKnownFileType = folder.assetcatalog; path = Assets.xcassets; sourceTree = "<group>"; };
		C46C272F2259B04F004ED1F3 /* Base */ = {isa = PBXFileReference; lastKnownFileType = file.storyboard; name = Base; path = Base.lproj/LaunchScreen.storyboard; sourceTree = "<group>"; };
		C46C27312259B04F004ED1F3 /* Info.plist */ = {isa = PBXFileReference; lastKnownFileType = text.plist.xml; path = Info.plist; sourceTree = "<group>"; };
		C46C27362259B04F004ED1F3 /* FB_projectTests.xctest */ = {isa = PBXFileReference; explicitFileType = wrapper.cfbundle; includeInIndex = 0; path = FB_projectTests.xctest; sourceTree = BUILT_PRODUCTS_DIR; };
		C46C273A2259B04F004ED1F3 /* FB_projectTests.swift */ = {isa = PBXFileReference; lastKnownFileType = sourcecode.swift; path = FB_projectTests.swift; sourceTree = "<group>"; };
		C46C273C2259B04F004ED1F3 /* Info.plist */ = {isa = PBXFileReference; lastKnownFileType = text.plist.xml; path = Info.plist; sourceTree = "<group>"; };
		C46C27412259B04F004ED1F3 /* FB_projectUITests.xctest */ = {isa = PBXFileReference; explicitFileType = wrapper.cfbundle; includeInIndex = 0; path = FB_projectUITests.xctest; sourceTree = BUILT_PRODUCTS_DIR; };
		C46C27452259B04F004ED1F3 /* FB_projectUITests.swift */ = {isa = PBXFileReference; lastKnownFileType = sourcecode.swift; path = FB_projectUITests.swift; sourceTree = "<group>"; };
		C46C27472259B04F004ED1F3 /* Info.plist */ = {isa = PBXFileReference; lastKnownFileType = text.plist.xml; path = Info.plist; sourceTree = "<group>"; };
		C46C27532259B2D5004ED1F3 /* birthday-basic */ = {isa = PBXFileReference; lastKnownFileType = folder; path = "birthday-basic"; sourceTree = "<group>"; };
/* End PBXFileReference section */

/* Begin PBXFrameworksBuildPhase section */
		C46C271F2259B04E004ED1F3 /* Frameworks */ = {
			isa = PBXFrameworksBuildPhase;
			buildActionMask = 2147483647;
			files = (
			);
			runOnlyForDeploymentPostprocessing = 0;
		};
		C46C27332259B04F004ED1F3 /* Frameworks */ = {
			isa = PBXFrameworksBuildPhase;
			buildActionMask = 2147483647;
			files = (
			);
			runOnlyForDeploymentPostprocessing = 0;
		};
		C46C273E2259B04F004ED1F3 /* Frameworks */ = {
			isa = PBXFrameworksBuildPhase;
			buildActionMask = 2147483647;
			files = (
			);
			runOnlyForDeploymentPostprocessing = 0;
		};
/* End PBXFrameworksBuildPhase section */

/* Begin PBXGroup section */
		C46C27192259B04E004ED1F3 = {
			isa = PBXGroup;
			children = (
				C46C27242259B04E004ED1F3 /* FB_project */,
				C46C27392259B04F004ED1F3 /* FB_projectTests */,
				C46C27442259B04F004ED1F3 /* FB_projectUITests */,
				C46C27232259B04E004ED1F3 /* Products */,
			);
			sourceTree = "<group>";
		};
		C46C27232259B04E004ED1F3 /* Products */ = {
			isa = PBXGroup;
			children = (
				C46C27222259B04E004ED1F3 /* FB_project.app */,
				C46C27362259B04F004ED1F3 /* FB_projectTests.xctest */,
				C46C27412259B04F004ED1F3 /* FB_projectUITests.xctest */,
			);
			name = Products;
			sourceTree = "<group>";
		};
		C46C27242259B04E004ED1F3 /* FB_project */ = {
			isa = PBXGroup;
			children = (
				C46C27532259B2D5004ED1F3 /* birthday-basic */,
				C46C27252259B04E004ED1F3 /* AppDelegate.swift */,
				C46C27272259B04E004ED1F3 /* ViewController.swift */,
				C46C27292259B04E004ED1F3 /* Main.storyboard */,
				C46C272C2259B04F004ED1F3 /* Assets.xcassets */,
				C46C272E2259B04F004ED1F3 /* LaunchScreen.storyboard */,
				C46C27312259B04F004ED1F3 /* Info.plist */,
			);
			path = FB_project;
			sourceTree = "<group>";
		};
		C46C27392259B04F004ED1F3 /* FB_projectTests */ = {
			isa = PBXGroup;
			children = (
				C46C273A2259B04F004ED1F3 /* FB_projectTests.swift */,
				C46C273C2259B04F004ED1F3 /* Info.plist */,
			);
			path = FB_projectTests;
			sourceTree = "<group>";
		};
		C46C27442259B04F004ED1F3 /* FB_projectUITests */ = {
			isa = PBXGroup;
			children = (
				C46C27452259B04F004ED1F3 /* FB_projectUITests.swift */,
				C46C27472259B04F004ED1F3 /* Info.plist */,
			);
			path = FB_projectUITests;
			sourceTree = "<group>";
		};
/* End PBXGroup section */

/* Begin PBXNativeTarget section */
		C46C27212259B04E004ED1F3 /* FB_project */ = {
			isa = PBXNativeTarget;
			buildConfigurationList = C46C274A2259B04F004ED1F3 /* Build configuration list for PBXNativeTarget "FB_project" */;
			buildPhases = (
				C46C271E2259B04E004ED1F3 /* Sources */,
				C46C271F2259B04E004ED1F3 /* Frameworks */,
				C46C27202259B04E004ED1F3 /* Resources */,
			);
			buildRules = (
			);
			dependencies = (
			);
			name = FB_project;
			productName = FB_project;
			productReference = C46C27222259B04E004ED1F3 /* FB_project.app */;
			productType = "com.apple.product-type.application";
		};
		C46C27352259B04F004ED1F3 /* FB_projectTests */ = {
			isa = PBXNativeTarget;
			buildConfigurationList = C46C274D2259B04F004ED1F3 /* Build configuration list for PBXNativeTarget "FB_projectTests" */;
			buildPhases = (
				C46C27322259B04F004ED1F3 /* Sources */,
				C46C27332259B04F004ED1F3 /* Frameworks */,
				C46C27342259B04F004ED1F3 /* Resources */,
			);
			buildRules = (
			);
			dependencies = (
				C46C27382259B04F004ED1F3 /* PBXTargetDependency */,
			);
			name = FB_projectTests;
			productName = FB_projectTests;
			productReference = C46C27362259B04F004ED1F3 /* FB_projectTests.xctest */;
			productType = "com.apple.product-type.bundle.unit-test";
		};
		C46C27402259B04F004ED1F3 /* FB_projectUITests */ = {
			isa = PBXNativeTarget;
			buildConfigurationList = C46C27502259B04F004ED1F3 /* Build configuration list for PBXNativeTarget "FB_projectUITests" */;
			buildPhases = (
				C46C273D2259B04F004ED1F3 /* Sources */,
				C46C273E2259B04F004ED1F3 /* Frameworks */,
				C46C273F2259B04F004ED1F3 /* Resources */,
			);
			buildRules = (
			);
			dependencies = (
				C46C27432259B04F004ED1F3 /* PBXTargetDependency */,
			);
			name = FB_projectUITests;
			productName = FB_projectUITests;
			productReference = C46C27412259B04F004ED1F3 /* FB_projectUITests.xctest */;
			productType = "com.apple.product-type.bundle.ui-testing";
		};
/* End PBXNativeTarget section */

/* Begin PBXProject section */
		C46C271A2259B04E004ED1F3 /* Project object */ = {
			isa = PBXProject;
			attributes = {
				LastSwiftUpdateCheck = 1000;
				LastUpgradeCheck = 1000;
				ORGANIZATIONNAME = "Keyue JIANG";
				TargetAttributes = {
					C46C27212259B04E004ED1F3 = {
						CreatedOnToolsVersion = 10.0;
					};
					C46C27352259B04F004ED1F3 = {
						CreatedOnToolsVersion = 10.0;
						TestTargetID = C46C27212259B04E004ED1F3;
					};
					C46C27402259B04F004ED1F3 = {
						CreatedOnToolsVersion = 10.0;
						TestTargetID = C46C27212259B04E004ED1F3;
					};
				};
			};
			buildConfigurationList = C46C271D2259B04E004ED1F3 /* Build configuration list for PBXProject "FB_project" */;
			compatibilityVersion = "Xcode 9.3";
			developmentRegion = en;
			hasScannedForEncodings = 0;
			knownRegions = (
				en,
				Base,
			);
			mainGroup = C46C27192259B04E004ED1F3;
			productRefGroup = C46C27232259B04E004ED1F3 /* Products */;
			projectDirPath = "";
			projectRoot = "";
			targets = (
				C46C27212259B04E004ED1F3 /* FB_project */,
				C46C27352259B04F004ED1F3 /* FB_projectTests */,
				C46C27402259B04F004ED1F3 /* FB_projectUITests */,
			);
		};
/* End PBXProject section */

/* Begin PBXResourcesBuildPhase section */
		C46C27202259B04E004ED1F3 /* Resources */ = {
			isa = PBXResourcesBuildPhase;
			buildActionMask = 2147483647;
			files = (
				C46C27542259B2D5004ED1F3 /* birthday-basic in Resources */,
				C46C27302259B04F004ED1F3 /* LaunchScreen.storyboard in Resources */,
				C46C272D2259B04F004ED1F3 /* Assets.xcassets in Resources */,
				C46C272B2259B04E004ED1F3 /* Main.storyboard in Resources */,
			);
			runOnlyForDeploymentPostprocessing = 0;
		};
		C46C27342259B04F004ED1F3 /* Resources */ = {
			isa = PBXResourcesBuildPhase;
			buildActionMask = 2147483647;
			files = (
			);
			runOnlyForDeploymentPostprocessing = 0;
		};
		C46C273F2259B04F004ED1F3 /* Resources */ = {
			isa = PBXResourcesBuildPhase;
			buildActionMask = 2147483647;
			files = (
			);
			runOnlyForDeploymentPostprocessing = 0;
		};
/* End PBXResourcesBuildPhase section */

/* Begin PBXSourcesBuildPhase section */
		C46C271E2259B04E004ED1F3 /* Sources */ = {
			isa = PBXSourcesBuildPhase;
			buildActionMask = 2147483647;
			files = (
				C46C27282259B04E004ED1F3 /* ViewController.swift in Sources */,
				C46C27262259B04E004ED1F3 /* AppDelegate.swift in Sources */,
			);
			runOnlyForDeploymentPostprocessing = 0;
		};
		C46C27322259B04F004ED1F3 /* Sources */ = {
			isa = PBXSourcesBuildPhase;
			buildActionMask = 2147483647;
			files = (
				C46C273B2259B04F004ED1F3 /* FB_projectTests.swift in Sources */,
			);
			runOnlyForDeploymentPostprocessing = 0;
		};
		C46C273D2259B04F004ED1F3 /* Sources */ = {
			isa = PBXSourcesBuildPhase;
			buildActionMask = 2147483647;
			files = (
				C46C27462259B04F004ED1F3 /* FB_projectUITests.swift in Sources */,
			);
			runOnlyForDeploymentPostprocessing = 0;
		};
/* End PBXSourcesBuildPhase section */

/* Begin PBXTargetDependency section */
		C46C27382259B04F004ED1F3 /* PBXTargetDependency */ = {
			isa = PBXTargetDependency;
			target = C46C27212259B04E004ED1F3 /* FB_project */;
			targetProxy = C46C27372259B04F004ED1F3 /* PBXContainerItemProxy */;
		};
		C46C27432259B04F004ED1F3 /* PBXTargetDependency */ = {
			isa = PBXTargetDependency;
			target = C46C27212259B04E004ED1F3 /* FB_project */;
			targetProxy = C46C27422259B04F004ED1F3 /* PBXContainerItemProxy */;
		};
/* End PBXTargetDependency section */

/* Begin PBXVariantGroup section */
		C46C27292259B04E004ED1F3 /* Main.storyboard */ = {
			isa = PBXVariantGroup;
			children = (
				C46C272A2259B04E004ED1F3 /* Base */,
			);
			name = Main.storyboard;
			sourceTree = "<group>";
		};
		C46C272E2259B04F004ED1F3 /* LaunchScreen.storyboard */ = {
			isa = PBXVariantGroup;
			children = (
				C46C272F2259B04F004ED1F3 /* Base */,
			);
			name = LaunchScreen.storyboard;
			sourceTree = "<group>";
		};
/* End PBXVariantGroup section */

/* Begin XCBuildConfiguration section */
		C46C27482259B04F004ED1F3 /* Debug */ = {
			isa = XCBuildConfiguration;
			buildSettings = {
				ALWAYS_SEARCH_USER_PATHS = NO;
				CLANG_ANALYZER_NONNULL = YES;
				CLANG_ANALYZER_NUMBER_OBJECT_CONVERSION = YES_AGGRESSIVE;
				CLANG_CXX_LANGUAGE_STANDARD = "gnu++14";
				CLANG_CXX_LIBRARY = "libc++";
				CLANG_ENABLE_MODULES = YES;
				CLANG_ENABLE_OBJC_ARC = YES;
				CLANG_ENABLE_OBJC_WEAK = YES;
				CLANG_WARN_BLOCK_CAPTURE_AUTORELEASING = YES;
				CLANG_WARN_BOOL_CONVERSION = YES;
				CLANG_WARN_COMMA = YES;
				CLANG_WARN_CONSTANT_CONVERSION = YES;
				CLANG_WARN_DEPRECATED_OBJC_IMPLEMENTATIONS = YES;
				CLANG_WARN_DIRECT_OBJC_ISA_USAGE = YES_ERROR;
				CLANG_WARN_DOCUMENTATION_COMMENTS = YES;
				CLANG_WARN_EMPTY_BODY = YES;
				CLANG_WARN_ENUM_CONVERSION = YES;
				CLANG_WARN_INFINITE_RECURSION = YES;
				CLANG_WARN_INT_CONVERSION = YES;
				CLANG_WARN_NON_LITERAL_NULL_CONVERSION = YES;
				CLANG_WARN_OBJC_IMPLICIT_RETAIN_SELF = YES;
				CLANG_WARN_OBJC_LITERAL_CONVERSION = YES;
				CLANG_WARN_OBJC_ROOT_CLASS = YES_ERROR;
				CLANG_WARN_RANGE_LOOP_ANALYSIS = YES;
				CLANG_WARN_STRICT_PROTOTYPES = YES;
				CLANG_WARN_SUSPICIOUS_MOVE = YES;
				CLANG_WARN_UNGUARDED_AVAILABILITY = YES_AGGRESSIVE;
				CLANG_WARN_UNREACHABLE_CODE = YES;
				CLANG_WARN__DUPLICATE_METHOD_MATCH = YES;
				CODE_SIGN_IDENTITY = "iPhone Developer";
				COPY_PHASE_STRIP = NO;
				DEBUG_INFORMATION_FORMAT = dwarf;
				ENABLE_STRICT_OBJC_MSGSEND = YES;
				ENABLE_TESTABILITY = YES;
				GCC_C_LANGUAGE_STANDARD = gnu11;
				GCC_DYNAMIC_NO_PIC = NO;
				GCC_NO_COMMON_BLOCKS = YES;
				GCC_OPTIMIZATION_LEVEL = 0;
				GCC_PREPROCESSOR_DEFINITIONS = (
					"DEBUG=1",
					"$(inherited)",
				);
				GCC_WARN_64_TO_32_BIT_CONVERSION = YES;
				GCC_WARN_ABOUT_RETURN_TYPE = YES_ERROR;
				GCC_WARN_UNDECLARED_SELECTOR = YES;
				GCC_WARN_UNINITIALIZED_AUTOS = YES_AGGRESSIVE;
				GCC_WARN_UNUSED_FUNCTION = YES;
				GCC_WARN_UNUSED_VARIABLE = YES;
				IPHONEOS_DEPLOYMENT_TARGET = 12.0;
				MTL_ENABLE_DEBUG_INFO = INCLUDE_SOURCE;
				MTL_FAST_MATH = YES;
				ONLY_ACTIVE_ARCH = YES;
				SDKROOT = iphoneos;
				SWIFT_ACTIVE_COMPILATION_CONDITIONS = DEBUG;
				SWIFT_OPTIMIZATION_LEVEL = "-Onone";
			};
			name = Debug;
		};
		C46C27492259B04F004ED1F3 /* Release */ = {
			isa = XCBuildConfiguration;
			buildSettings = {
				ALWAYS_SEARCH_USER_PATHS = NO;
				CLANG_ANALYZER_NONNULL = YES;
				CLANG_ANALYZER_NUMBER_OBJECT_CONVERSION = YES_AGGRESSIVE;
				CLANG_CXX_LANGUAGE_STANDARD = "gnu++14";
				CLANG_CXX_LIBRARY = "libc++";
				CLANG_ENABLE_MODULES = YES;
				CLANG_ENABLE_OBJC_ARC = YES;
				CLANG_ENABLE_OBJC_WEAK = YES;
				CLANG_WARN_BLOCK_CAPTURE_AUTORELEASING = YES;
				CLANG_WARN_BOOL_CONVERSION = YES;
				CLANG_WARN_COMMA = YES;
				CLANG_WARN_CONSTANT_CONVERSION = YES;
				CLANG_WARN_DEPRECATED_OBJC_IMPLEMENTATIONS = YES;
				CLANG_WARN_DIRECT_OBJC_ISA_USAGE = YES_ERROR;
				CLANG_WARN_DOCUMENTATION_COMMENTS = YES;
				CLANG_WARN_EMPTY_BODY = YES;
				CLANG_WARN_ENUM_CONVERSION = YES;
				CLANG_WARN_INFINITE_RECURSION = YES;
				CLANG_WARN_INT_CONVERSION = YES;
				CLANG_WARN_NON_LITERAL_NULL_CONVERSION = YES;
				CLANG_WARN_OBJC_IMPLICIT_RETAIN_SELF = YES;
				CLANG_WARN_OBJC_LITERAL_CONVERSION = YES;
				CLANG_WARN_OBJC_ROOT_CLASS = YES_ERROR;
				CLANG_WARN_RANGE_LOOP_ANALYSIS = YES;
				CLANG_WARN_STRICT_PROTOTYPES = YES;
				CLANG_WARN_SUSPICIOUS_MOVE = YES;
				CLANG_WARN_UNGUARDED_AVAILABILITY = YES_AGGRESSIVE;
				CLANG_WARN_UNREACHABLE_CODE = YES;
				CLANG_WARN__DUPLICATE_METHOD_MATCH = YES;
				CODE_SIGN_IDENTITY = "iPhone Developer";
				COPY_PHASE_STRIP = NO;
				DEBUG_INFORMATION_FORMAT = "dwarf-with-dsym";
				ENABLE_NS_ASSERTIONS = NO;
				ENABLE_STRICT_OBJC_MSGSEND = YES;
				GCC_C_LANGUAGE_STANDARD = gnu11;
				GCC_NO_COMMON_BLOCKS = YES;
				GCC_WARN_64_TO_32_BIT_CONVERSION = YES;
				GCC_WARN_ABOUT_RETURN_TYPE = YES_ERROR;
				GCC_WARN_UNDECLARED_SELECTOR = YES;
				GCC_WARN_UNINITIALIZED_AUTOS = YES_AGGRESSIVE;
				GCC_WARN_UNUSED_FUNCTION = YES;
				GCC_WARN_UNUSED_VARIABLE = YES;
				IPHONEOS_DEPLOYMENT_TARGET = 12.0;
				MTL_ENABLE_DEBUG_INFO = NO;
				MTL_FAST_MATH = YES;
				SDKROOT = iphoneos;
				SWIFT_COMPILATION_MODE = wholemodule;
				SWIFT_OPTIMIZATION_LEVEL = "-O";
				VALIDATE_PRODUCT = YES;
			};
			name = Release;
		};
		C46C274B2259B04F004ED1F3 /* Debug */ = {
			isa = XCBuildConfiguration;
			buildSettings = {
				ASSETCATALOG_COMPILER_APPICON_NAME = AppIcon;
				CODE_SIGN_STYLE = Automatic;
				DEVELOPMENT_TEAM = HW4HMQVFNX;
				INFOPLIST_FILE = FB_project/Info.plist;
				LD_RUNPATH_SEARCH_PATHS = (
					"$(inherited)",
					"@executable_path/Frameworks",
				);
				PRODUCT_BUNDLE_IDENTIFIER = com.keyue.jiang;
				PRODUCT_NAME = "$(TARGET_NAME)";
				SWIFT_VERSION = 4.2;
				TARGETED_DEVICE_FAMILY = "1,2";
			};
			name = Debug;
		};
		C46C274C2259B04F004ED1F3 /* Release */ = {
			isa = XCBuildConfiguration;
			buildSettings = {
				ASSETCATALOG_COMPILER_APPICON_NAME = AppIcon;
				CODE_SIGN_STYLE = Automatic;
				DEVELOPMENT_TEAM = HW4HMQVFNX;
				INFOPLIST_FILE = FB_project/Info.plist;
				LD_RUNPATH_SEARCH_PATHS = (
					"$(inherited)",
					"@executable_path/Frameworks",
				);
				PRODUCT_BUNDLE_IDENTIFIER = com.keyue.jiang;
				PRODUCT_NAME = "$(TARGET_NAME)";
				SWIFT_VERSION = 4.2;
				TARGETED_DEVICE_FAMILY = "1,2";
			};
			name = Release;
		};
		C46C274E2259B04F004ED1F3 /* Debug */ = {
			isa = XCBuildConfiguration;
			buildSettings = {
				ALWAYS_EMBED_SWIFT_STANDARD_LIBRARIES = YES;
				BUNDLE_LOADER = "$(TEST_HOST)";
				CODE_SIGN_STYLE = Automatic;
				INFOPLIST_FILE = FB_projectTests/Info.plist;
				LD_RUNPATH_SEARCH_PATHS = (
					"$(inherited)",
					"@executable_path/Frameworks",
					"@loader_path/Frameworks",
				);
				PRODUCT_BUNDLE_IDENTIFIER = "UCL.FB-projectTests";
				PRODUCT_NAME = "$(TARGET_NAME)";
				SWIFT_VERSION = 4.2;
				TARGETED_DEVICE_FAMILY = "1,2";
				TEST_HOST = "$(BUILT_PRODUCTS_DIR)/FB_project.app/FB_project";
			};
			name = Debug;
		};
		C46C274F2259B04F004ED1F3 /* Release */ = {
			isa = XCBuildConfiguration;
			buildSettings = {
				ALWAYS_EMBED_SWIFT_STANDARD_LIBRARIES = YES;
				BUNDLE_LOADER = "$(TEST_HOST)";
				CODE_SIGN_STYLE = Automatic;
				INFOPLIST_FILE = FB_projectTests/Info.plist;
				LD_RUNPATH_SEARCH_PATHS = (
					"$(inherited)",
					"@executable_path/Frameworks",
					"@loader_path/Frameworks",
				);
				PRODUCT_BUNDLE_IDENTIFIER = "UCL.FB-projectTests";
				PRODUCT_NAME = "$(TARGET_NAME)";
				SWIFT_VERSION = 4.2;
				TARGETED_DEVICE_FAMILY = "1,2";
				TEST_HOST = "$(BUILT_PRODUCTS_DIR)/FB_project.app/FB_project";
			};
			name = Release;
		};
		C46C27512259B04F004ED1F3 /* Debug */ = {
			isa = XCBuildConfiguration;
			buildSettings = {
				ALWAYS_EMBED_SWIFT_STANDARD_LIBRARIES = YES;
				CODE_SIGN_STYLE = Automatic;
				INFOPLIST_FILE = FB_projectUITests/Info.plist;
				LD_RUNPATH_SEARCH_PATHS = (
					"$(inherited)",
					"@executable_path/Frameworks",
					"@loader_path/Frameworks",
				);
				PRODUCT_BUNDLE_IDENTIFIER = "UCL.FB-projectUITests";
				PRODUCT_NAME = "$(TARGET_NAME)";
				SWIFT_VERSION = 4.2;
				TARGETED_DEVICE_FAMILY = "1,2";
				TEST_TARGET_NAME = FB_project;
			};
			name = Debug;
		};
		C46C27522259B04F004ED1F3 /* Release */ = {
			isa = XCBuildConfiguration;
			buildSettings = {
				ALWAYS_EMBED_SWIFT_STANDARD_LIBRARIES = YES;
				CODE_SIGN_STYLE = Automatic;
				INFOPLIST_FILE = FB_projectUITests/Info.plist;
				LD_RUNPATH_SEARCH_PATHS = (
					"$(inherited)",
					"@executable_path/Frameworks",
					"@loader_path/Frameworks",
				);
				PRODUCT_BUNDLE_IDENTIFIER = "UCL.FB-projectUITests";
				PRODUCT_NAME = "$(TARGET_NAME)";
				SWIFT_VERSION = 4.2;
				TARGETED_DEVICE_FAMILY = "1,2";
				TEST_TARGET_NAME = FB_project;
			};
			name = Release;
		};
/* End XCBuildConfiguration section */

/* Begin XCConfigurationList section */
		C46C271D2259B04E004ED1F3 /* Build configuration list for PBXProject "FB_project" */ = {
			isa = XCConfigurationList;
			buildConfigurations = (
				C46C27482259B04F004ED1F3 /* Debug */,
				C46C27492259B04F004ED1F3 /* Release */,
			);
			defaultConfigurationIsVisible = 0;
			defaultConfigurationName = Release;
		};
		C46C274A2259B04F004ED1F3 /* Build configuration list for PBXNativeTarget "FB_project" */ = {
			isa = XCConfigurationList;
			buildConfigurations = (
				C46C274B2259B04F004ED1F3 /* Debug */,
				C46C274C2259B04F004ED1F3 /* Release */,
			);
			defaultConfigurationIsVisible = 0;
			defaultConfigurationName = Release;
		};
		C46C274D2259B04F004ED1F3 /* Build configuration list for PBXNativeTarget "FB_projectTests" */ = {
			isa = XCConfigurationList;
			buildConfigurations = (
				C46C274E2259B04F004ED1F3 /* Debug */,
				C46C274F2259B04F004ED1F3 /* Release */,
			);
			defaultConfigurationIsVisible = 0;
			defaultConfigurationName = Release;
		};
		C46C27502259B04F004ED1F3 /* Build configuration list for PBXNativeTarget "FB_projectUITests" */ = {
			isa = XCConfigurationList;
			buildConfigurations = (
				C46C27512259B04F004ED1F3 /* Debug */,
				C46C27522259B04F004ED1F3 /* Release */,
			);
			defaultConfigurationIsVisible = 0;
			defaultConfigurationName = Release;
		};
/* End XCConfigurationList section */
	};
	rootObject = C46C271A2259B04E004ED1F3 /* Project object */;
}
